
Microsoft Visual Studio Solution File, Format Version 12.00
# Visual Studio Version 17
VisualStudioVersion = 17.2.32616.157
MinimumVisualStudioVersion = 10.0.40219.1
Project("{FAE04EC0-301F-11D3-BF4B-00C04F79EFBC}") = "RealTimeStockPriceLibrary(.net framework)", "RealTimeStockPriceLibrary(.net framework)\RealTimeStockPriceLibrary(.net framework).csproj", "{F87F04D9-FA6C-4141-9E4A-799C837DEDB7}"
EndProject
Global
	GlobalSection(SolutionConfigurationPlatforms) = preSolution
		Debug|Any CPU = Debug|Any CPU
		Release|Any CPU = Release|Any CPU
	EndGlobalSection
	GlobalSection(ProjectConfigurationPlatforms) = postSolution
		{F87F04D9-FA6C-4141-9E4A-799C837DEDB7}.Debug|Any CPU.ActiveCfg = Debug|Any CPU
		{F87F04D9-FA6C-4141-9E4A-799C837DEDB7}.Debug|Any CPU.Build.0 = Debug|Any CPU
		{F87F04D9-FA6C-4141-9E4A-799C837DEDB7}.Release|Any CPU.ActiveCfg = Release|Any CPU
		{F87F04D9-FA6C-4141-9E4A-799C837DEDB7}.Release|Any CPU.Build.0 = Release|Any CPU
	EndGlobalSection
	GlobalSection(SolutionProperties) = preSolution
		HideSolutionNode = FALSE
	EndGlobalSection
	GlobalSection(ExtensibilityGlobals) = postSolution
		SolutionGuid = {6FBFE84F-915C-4586-A424-24DE6A04C02C}
	EndGlobalSection
EndGlobal
